
Microsoft Visual Studio Solution File, Format Version 12.00
# Visual Studio 15
VisualStudioVersion = 15.0.33423.255
MinimumVisualStudioVersion = 10.0.40219.1
Project("{FAE04EC0-301F-11D3-BF4B-00C04F79EFBC}") = "Newproject", "Newproject\Newproject.csproj", "{C7E9DE93-7E42-4A83-AE7F-DD58A0022330}"
EndProject
Global
	GlobalSection(SolutionConfigurationPlatforms) = preSolution
		Debug|Any CPU = Debug|Any CPU
		Release|Any CPU = Release|Any CPU
	EndGlobalSection
	GlobalSection(ProjectConfigurationPlatforms) = postSolution
		{C7E9DE93-7E42-4A83-AE7F-DD58A0022330}.Debug|Any CPU.ActiveCfg = Debug|Any CPU
		{C7E9DE93-7E42-4A83-AE7F-DD58A0022330}.Debug|Any CPU.Build.0 = Debug|Any CPU
		{C7E9DE93-7E42-4A83-AE7F-DD58A0022330}.Release|Any CPU.ActiveCfg = Release|Any CPU
		{C7E9DE93-7E42-4A83-AE7F-DD58A0022330}.Release|Any CPU.Build.0 = Release|Any CPU
	EndGlobalSection
	GlobalSection(SolutionProperties) = preSolution
		HideSolutionNode = FALSE
	EndGlobalSection
	GlobalSection(ExtensibilityGlobals) = postSolution
		SolutionGuid = {CADAA777-AEC4-46AE-8F9A-A04D21238C89}
	EndGlobalSection
EndGlobal
